PODS:
  - Alamofire (4.5.0)
  - Kingfisher (4.0.0)
  - SwiftLint (0.24.0)
  - SwiftyUserDefaults (3.0.0)

DEPENDENCIES:
  - Alamofire (= 4.5)
  - Kingfisher (= 4.0.0)
  - SwiftLint (= 0.24.0)
  - SwiftyUserDefaults (= 3.0.0)

SPEC CHECKSUMS:
  Alamofire: f28cdffd29de33a7bfa022cbd63ae95a27fae140
  Kingfisher: 5cd55fa124d1e731f1d4b04b02832e0e0432d1a9
  SwiftLint: a014c92b4664e8b13f380f8640a51bb1733778ba
  SwiftyUserDefaults: 0f1d45fc3aafb9064dac661e367f8f83fe21a4b4

PODFILE CHECKSUM: be1710c3e21cacc6fc96fd109793906c4531184c

COCOAPODS: 1.4.0
