// !$*UTF8*$!
{
	archiveVersion = 1;
	classes = {
	};
	objectVersion = 48;
	objects = {

/* Begin PBXBuildFile section */
		96FBAB0D11687B3360FE7ADB /* Pods_FairFaxInterview.framework in Frameworks */ = {isa = PBXBuildFile; fileRef = 65F322854BFC56789628E0B0 /* Pods_FairFaxInterview.framework */; };
		BC51C5B8205A955600A97301 /* ServiceConfiguration.swift in Sources */ = {isa = PBXBuildFile; fileRef = BC51C5B7205A955600A97301 /* ServiceConfiguration.swift */; };
		BC51C5BA205BDFA100A97301 /* Request.swift in Sources */ = {isa = PBXBuildFile; fileRef = BC51C5B9205BDFA100A97301 /* Request.swift */; };
		BC51C5BC205BE99E00A97301 /* Service.swift in Sources */ = {isa = PBXBuildFile; fileRef = BC51C5BB205BE99E00A97301 /* Service.swift */; };
		BC51C5BE205C9D8100A97301 /* Response.swift in Sources */ = {isa = PBXBuildFile; fileRef = BC51C5BD205C9D8100A97301 /* Response.swift */; };
		BC51C5C1205CBCF400A97301 /* NetworkingCommon.swift in Sources */ = {isa = PBXBuildFile; fileRef = BC51C5C0205CBCF400A97301 /* NetworkingCommon.swift */; };
		BC51C5C4205CC57900A97301 /* String+URL.swift in Sources */ = {isa = PBXBuildFile; fileRef = BC51C5C3205CC57900A97301 /* String+URL.swift */; };
		BC51C5C6205CC8B900A97301 /* Dictionary+URL.swift in Sources */ = {isa = PBXBuildFile; fileRef = BC51C5C5205CC8B900A97301 /* Dictionary+URL.swift */; };
		BC51C5E6205CDE9600A97301 /* Operations.swift in Sources */ = {isa = PBXBuildFile; fileRef = BC51C5E5205CDE9600A97301 /* Operations.swift */; };
		BC51C5EB205CF21D00A97301 /* ArticleCollectionOperation.swift in Sources */ = {isa = PBXBuildFile; fileRef = BC51C5EA205CF21D00A97301 /* ArticleCollectionOperation.swift */; };
		BC51C5EE205CF25500A97301 /* Article.swift in Sources */ = {isa = PBXBuildFile; fileRef = BC51C5ED205CF25500A97301 /* Article.swift */; };
		BCD557E3205A7588008395D4 /* AppDelegate.swift in Sources */ = {isa = PBXBuildFile; fileRef = BCD557E2205A7588008395D4 /* AppDelegate.swift */; };
		BCD557E5205A7588008395D4 /* ArticleCollectionViewController.swift in Sources */ = {isa = PBXBuildFile; fileRef = BCD557E4205A7588008395D4 /* ArticleCollectionViewController.swift */; };
		BCD557E8205A7588008395D4 /* Main.storyboard in Resources */ = {isa = PBXBuildFile; fileRef = BCD557E6205A7588008395D4 /* Main.storyboard */; };
		BCD557EA205A7588008395D4 /* Assets.xcassets in Resources */ = {isa = PBXBuildFile; fileRef = BCD557E9205A7588008395D4 /* Assets.xcassets */; };
		BCD557ED205A7588008395D4 /* LaunchScreen.storyboard in Resources */ = {isa = PBXBuildFile; fileRef = BCD557EB205A7588008395D4 /* LaunchScreen.storyboard */; };
		BCFF6386205D1299008E3061 /* ArticleTableViewCell.swift in Sources */ = {isa = PBXBuildFile; fileRef = BCFF6384205D1299008E3061 /* ArticleTableViewCell.swift */; };
		BCFF6387205D1299008E3061 /* ArticleTableViewCell.xib in Resources */ = {isa = PBXBuildFile; fileRef = BCFF6385205D1299008E3061 /* ArticleTableViewCell.xib */; };
		BCFF638B205D166B008E3061 /* Reusable.swift in Sources */ = {isa = PBXBuildFile; fileRef = BCFF638A205D166B008E3061 /* Reusable.swift */; };
		BCFF638E205DFB85008E3061 /* ArticleCollectionViewModel.swift in Sources */ = {isa = PBXBuildFile; fileRef = BCFF638D205DFB85008E3061 /* ArticleCollectionViewModel.swift */; };
		BCFF6391205DFDF1008E3061 /* Coordinatable.swift in Sources */ = {isa = PBXBuildFile; fileRef = BCFF6390205DFDF1008E3061 /* Coordinatable.swift */; };
		BCFF6393205E0100008E3061 /* AppCoordinator.swift in Sources */ = {isa = PBXBuildFile; fileRef = BCFF6392205E0100008E3061 /* AppCoordinator.swift */; };
		BCFF6395205E02C2008E3061 /* UIStoryboard+Extension.swift in Sources */ = {isa = PBXBuildFile; fileRef = BCFF6394205E02C2008E3061 /* UIStoryboard+Extension.swift */; };
		BCFF6397205E0B63008E3061 /* ArticleCollectionCoordinator.swift in Sources */ = {isa = PBXBuildFile; fileRef = BCFF6396205E0B63008E3061 /* ArticleCollectionCoordinator.swift */; };
		BCFF6399205E17A7008E3061 /* String+Utility.swift in Sources */ = {isa = PBXBuildFile; fileRef = BCFF6398205E17A7008E3061 /* String+Utility.swift */; };
		BCFF639B205E2753008E3061 /* ArticleViewController.swift in Sources */ = {isa = PBXBuildFile; fileRef = BCFF639A205E2753008E3061 /* ArticleViewController.swift */; };
		BCFF639D205E27C9008E3061 /* ArticleViewModel.swift in Sources */ = {isa = PBXBuildFile; fileRef = BCFF639C205E27C9008E3061 /* ArticleViewModel.swift */; };
		BCFF63A5205E39A5008E3061 /* FairFaxInterviewTests.swift in Sources */ = {isa = PBXBuildFile; fileRef = BCFF63A4205E39A5008E3061 /* FairFaxInterviewTests.swift */; };
		BCFF63AD205E58E5008E3061 /* ArticleCollectionViewModelTest.swift in Sources */ = {isa = PBXBuildFile; fileRef = BCFF63AC205E58E5008E3061 /* ArticleCollectionViewModelTest.swift */; };
/* End PBXBuildFile section */

/* Begin PBXContainerItemProxy section */
		BCFF63A7205E39A5008E3061 /* PBXContainerItemProxy */ = {
			isa = PBXContainerItemProxy;
			containerPortal = BCD557D7205A7588008395D4 /* Project object */;
			proxyType = 1;
			remoteGlobalIDString = BCD557DE205A7588008395D4;
			remoteInfo = FairFaxInterview;
		};
/* End PBXContainerItemProxy section */

/* Begin PBXFileReference section */
		65F322854BFC56789628E0B0 /* Pods_FairFaxInterview.framework */ = {isa = PBXFileReference; explicitFileType = wrapper.framework; includeInIndex = 0; path = Pods_FairFaxInterview.framework; sourceTree = BUILT_PRODUCTS_DIR; };
		69E8B06681998C4C858E1B5E /* Pods-FairFaxInterview.release.xcconfig */ = {isa = PBXFileReference; includeInIndex = 1; lastKnownFileType = text.xcconfig; name = "Pods-FairFaxInterview.release.xcconfig"; path = "Pods/Target Support Files/Pods-FairFaxInterview/Pods-FairFaxInterview.release.xcconfig"; sourceTree = "<group>"; };
		A12CC1B9E9582C999AF8CB79 /* Pods-FairFaxInterview.debug.xcconfig */ = {isa = PBXFileReference; includeInIndex = 1; lastKnownFileType = text.xcconfig; name = "Pods-FairFaxInterview.debug.xcconfig"; path = "Pods/Target Support Files/Pods-FairFaxInterview/Pods-FairFaxInterview.debug.xcconfig"; sourceTree = "<group>"; };
		BC51C5B7205A955600A97301 /* ServiceConfiguration.swift */ = {isa = PBXFileReference; lastKnownFileType = sourcecode.swift; path = ServiceConfiguration.swift; sourceTree = "<group>"; };
		BC51C5B9205BDFA100A97301 /* Request.swift */ = {isa = PBXFileReference; lastKnownFileType = sourcecode.swift; path = Request.swift; sourceTree = "<group>"; };
		BC51C5BB205BE99E00A97301 /* Service.swift */ = {isa = PBXFileReference; lastKnownFileType = sourcecode.swift; path = Service.swift; sourceTree = "<group>"; };
		BC51C5BD205C9D8100A97301 /* Response.swift */ = {isa = PBXFileReference; lastKnownFileType = sourcecode.swift; path = Response.swift; sourceTree = "<group>"; };
		BC51C5C0205CBCF400A97301 /* NetworkingCommon.swift */ = {isa = PBXFileReference; lastKnownFileType = sourcecode.swift; path = NetworkingCommon.swift; sourceTree = "<group>"; };
		BC51C5C3205CC57900A97301 /* String+URL.swift */ = {isa = PBXFileReference; lastKnownFileType = sourcecode.swift; path = "String+URL.swift"; sourceTree = "<group>"; };
		BC51C5C5205CC8B900A97301 /* Dictionary+URL.swift */ = {isa = PBXFileReference; lastKnownFileType = sourcecode.swift; path = "Dictionary+URL.swift"; sourceTree = "<group>"; };
		BC51C5E5205CDE9600A97301 /* Operations.swift */ = {isa = PBXFileReference; lastKnownFileType = sourcecode.swift; path = Operations.swift; sourceTree = "<group>"; };
		BC51C5EA205CF21D00A97301 /* ArticleCollectionOperation.swift */ = {isa = PBXFileReference; lastKnownFileType = sourcecode.swift; path = ArticleCollectionOperation.swift; sourceTree = "<group>"; };
		BC51C5ED205CF25500A97301 /* Article.swift */ = {isa = PBXFileReference; lastKnownFileType = sourcecode.swift; path = Article.swift; sourceTree = "<group>"; };
		BCD557DF205A7588008395D4 /* FairFaxInterview.app */ = {isa = PBXFileReference; explicitFileType = wrapper.application; includeInIndex = 0; path = FairFaxInterview.app; sourceTree = BUILT_PRODUCTS_DIR; };
		BCD557E2205A7588008395D4 /* AppDelegate.swift */ = {isa = PBXFileReference; lastKnownFileType = sourcecode.swift; path = AppDelegate.swift; sourceTree = "<group>"; };
		BCD557E4205A7588008395D4 /* ArticleCollectionViewController.swift */ = {isa = PBXFileReference; lastKnownFileType = sourcecode.swift; path = ArticleCollectionViewController.swift; sourceTree = "<group>"; };
		BCD557E7205A7588008395D4 /* Base */ = {isa = PBXFileReference; lastKnownFileType = file.storyboard; name = Base; path = Base.lproj/Main.storyboard; sourceTree = "<group>"; };
		BCD557E9205A7588008395D4 /* Assets.xcassets */ = {isa = PBXFileReference; lastKnownFileType = folder.assetcatalog; path = Assets.xcassets; sourceTree = "<group>"; };
		BCD557EC205A7588008395D4 /* Base */ = {isa = PBXFileReference; lastKnownFileType = file.storyboard; name = Base; path = Base.lproj/LaunchScreen.storyboard; sourceTree = "<group>"; };
		BCD557EE205A7588008395D4 /* Info.plist */ = {isa = PBXFileReference; lastKnownFileType = text.plist.xml; path = Info.plist; sourceTree = "<group>"; };
		BCD557F4205A840D008395D4 /* Debug.xcconfig */ = {isa = PBXFileReference; lastKnownFileType = text.xcconfig; path = Debug.xcconfig; sourceTree = "<group>"; };
		BCFF6384205D1299008E3061 /* ArticleTableViewCell.swift */ = {isa = PBXFileReference; lastKnownFileType = sourcecode.swift; path = ArticleTableViewCell.swift; sourceTree = "<group>"; };
		BCFF6385205D1299008E3061 /* ArticleTableViewCell.xib */ = {isa = PBXFileReference; lastKnownFileType = file.xib; path = ArticleTableViewCell.xib; sourceTree = "<group>"; };
		BCFF638A205D166B008E3061 /* Reusable.swift */ = {isa = PBXFileReference; lastKnownFileType = sourcecode.swift; path = Reusable.swift; sourceTree = "<group>"; };
		BCFF638D205DFB85008E3061 /* ArticleCollectionViewModel.swift */ = {isa = PBXFileReference; lastKnownFileType = sourcecode.swift; path = ArticleCollectionViewModel.swift; sourceTree = "<group>"; };
		BCFF6390205DFDF1008E3061 /* Coordinatable.swift */ = {isa = PBXFileReference; lastKnownFileType = sourcecode.swift; path = Coordinatable.swift; sourceTree = "<group>"; };
		BCFF6392205E0100008E3061 /* AppCoordinator.swift */ = {isa = PBXFileReference; lastKnownFileType = sourcecode.swift; path = AppCoordinator.swift; sourceTree = "<group>"; };
		BCFF6394205E02C2008E3061 /* UIStoryboard+Extension.swift */ = {isa = PBXFileReference; lastKnownFileType = sourcecode.swift; path = "UIStoryboard+Extension.swift"; sourceTree = "<group>"; };
		BCFF6396205E0B63008E3061 /* ArticleCollectionCoordinator.swift */ = {isa = PBXFileReference; lastKnownFileType = sourcecode.swift; path = ArticleCollectionCoordinator.swift; sourceTree = "<group>"; };
		BCFF6398205E17A7008E3061 /* String+Utility.swift */ = {isa = PBXFileReference; lastKnownFileType = sourcecode.swift; path = "String+Utility.swift"; sourceTree = "<group>"; };
		BCFF639A205E2753008E3061 /* ArticleViewController.swift */ = {isa = PBXFileReference; lastKnownFileType = sourcecode.swift; path = ArticleViewController.swift; sourceTree = "<group>"; };
		BCFF639C205E27C9008E3061 /* ArticleViewModel.swift */ = {isa = PBXFileReference; lastKnownFileType = sourcecode.swift; path = ArticleViewModel.swift; sourceTree = "<group>"; };
		BCFF63A2205E39A5008E3061 /* FairFaxInterviewTests.xctest */ = {isa = PBXFileReference; explicitFileType = wrapper.cfbundle; includeInIndex = 0; path = FairFaxInterviewTests.xctest; sourceTree = BUILT_PRODUCTS_DIR; };
		BCFF63A4205E39A5008E3061 /* FairFaxInterviewTests.swift */ = {isa = PBXFileReference; lastKnownFileType = sourcecode.swift; path = FairFaxInterviewTests.swift; sourceTree = "<group>"; };
		BCFF63A6205E39A5008E3061 /* Info.plist */ = {isa = PBXFileReference; lastKnownFileType = text.plist.xml; path = Info.plist; sourceTree = "<group>"; };
		BCFF63AC205E58E5008E3061 /* ArticleCollectionViewModelTest.swift */ = {isa = PBXFileReference; lastKnownFileType = sourcecode.swift; path = ArticleCollectionViewModelTest.swift; sourceTree = "<group>"; };
/* End PBXFileReference section */

/* Begin PBXFrameworksBuildPhase section */
		BCD557DC205A7588008395D4 /* Frameworks */ = {
			isa = PBXFrameworksBuildPhase;
			buildActionMask = 2147483647;
			files = (
				96FBAB0D11687B3360FE7ADB /* Pods_FairFaxInterview.framework in Frameworks */,
			);
			runOnlyForDeploymentPostprocessing = 0;
		};
		BCFF639F205E39A5008E3061 /* Frameworks */ = {
			isa = PBXFrameworksBuildPhase;
			buildActionMask = 2147483647;
			files = (
			);
			runOnlyForDeploymentPostprocessing = 0;
		};
/* End PBXFrameworksBuildPhase section */

/* Begin PBXGroup section */
		1D88C6F20409E692B087937B /* Frameworks */ = {
			isa = PBXGroup;
			children = (
				65F322854BFC56789628E0B0 /* Pods_FairFaxInterview.framework */,
			);
			name = Frameworks;
			sourceTree = "<group>";
		};
		20145400A9DE8D510BFBA27D /* Pods */ = {
			isa = PBXGroup;
			children = (
				A12CC1B9E9582C999AF8CB79 /* Pods-FairFaxInterview.debug.xcconfig */,
				69E8B06681998C4C858E1B5E /* Pods-FairFaxInterview.release.xcconfig */,
			);
			name = Pods;
			sourceTree = "<group>";
		};
		BC51C5B6205A94B900A97301 /* Networking */ = {
			isa = PBXGroup;
			children = (
				BC51C5B7205A955600A97301 /* ServiceConfiguration.swift */,
				BC51C5B9205BDFA100A97301 /* Request.swift */,
				BC51C5BB205BE99E00A97301 /* Service.swift */,
				BC51C5BD205C9D8100A97301 /* Response.swift */,
				BC51C5C0205CBCF400A97301 /* NetworkingCommon.swift */,
				BC51C5E5205CDE9600A97301 /* Operations.swift */,
			);
			path = Networking;
			sourceTree = "<group>";
		};
		BC51C5C2205CC56900A97301 /* Extensions */ = {
			isa = PBXGroup;
			children = (
				BC51C5C3205CC57900A97301 /* String+URL.swift */,
				BC51C5C5205CC8B900A97301 /* Dictionary+URL.swift */,
				BCFF638A205D166B008E3061 /* Reusable.swift */,
				BCFF6394205E02C2008E3061 /* UIStoryboard+Extension.swift */,
				BCFF6398205E17A7008E3061 /* String+Utility.swift */,
			);
			path = Extensions;
			sourceTree = "<group>";
		};
		BC51C5E7205CF17200A97301 /* Commons */ = {
			isa = PBXGroup;
			children = (
				BC51C5C2205CC56900A97301 /* Extensions */,
				BC51C5B6205A94B900A97301 /* Networking */,
				BCFF6390205DFDF1008E3061 /* Coordinatable.swift */,
			);
			path = Commons;
			sourceTree = "<group>";
		};
		BC51C5E8205CF1F600A97301 /* ArticleFeature */ = {
			isa = PBXGroup;
			children = (
				BCFF638F205DFD15008E3061 /* Coordinators */,
				BCFF638C205DFB6B008E3061 /* ViewModels */,
				BCFF6383205D1258008E3061 /* UI */,
				BC51C5EC205CF24B00A97301 /* Models */,
				BC51C5E9205CF20900A97301 /* APIs */,
			);
			path = ArticleFeature;
			sourceTree = "<group>";
		};
		BC51C5E9205CF20900A97301 /* APIs */ = {
			isa = PBXGroup;
			children = (
				BC51C5EA205CF21D00A97301 /* ArticleCollectionOperation.swift */,
			);
			path = APIs;
			sourceTree = "<group>";
		};
		BC51C5EC205CF24B00A97301 /* Models */ = {
			isa = PBXGroup;
			children = (
				BC51C5ED205CF25500A97301 /* Article.swift */,
			);
			path = Models;
			sourceTree = "<group>";
		};
		BCD557D6205A7588008395D4 = {
			isa = PBXGroup;
			children = (
				BCD557E1205A7588008395D4 /* FairFaxInterview */,
				BCFF63A3205E39A5008E3061 /* FairFaxInterviewTests */,
				BCD557E0205A7588008395D4 /* Products */,
				20145400A9DE8D510BFBA27D /* Pods */,
				1D88C6F20409E692B087937B /* Frameworks */,
			);
			sourceTree = "<group>";
		};
		BCD557E0205A7588008395D4 /* Products */ = {
			isa = PBXGroup;
			children = (
				BCD557DF205A7588008395D4 /* FairFaxInterview.app */,
				BCFF63A2205E39A5008E3061 /* FairFaxInterviewTests.xctest */,
			);
			name = Products;
			sourceTree = "<group>";
		};
		BCD557E1205A7588008395D4 /* FairFaxInterview */ = {
			isa = PBXGroup;
			children = (
				BC51C5E8205CF1F600A97301 /* ArticleFeature */,
				BC51C5E7205CF17200A97301 /* Commons */,
				BCD557E2205A7588008395D4 /* AppDelegate.swift */,
				BCFF6392205E0100008E3061 /* AppCoordinator.swift */,
				BCD557E6205A7588008395D4 /* Main.storyboard */,
				BCD557E9205A7588008395D4 /* Assets.xcassets */,
				BCD557EB205A7588008395D4 /* LaunchScreen.storyboard */,
				BCD557EE205A7588008395D4 /* Info.plist */,
				BCD557F4205A840D008395D4 /* Debug.xcconfig */,
			);
			path = FairFaxInterview;
			sourceTree = "<group>";
		};
		BCFF6383205D1258008E3061 /* UI */ = {
			isa = PBXGroup;
			children = (
				BCD557E4205A7588008395D4 /* ArticleCollectionViewController.swift */,
				BCFF6384205D1299008E3061 /* ArticleTableViewCell.swift */,
				BCFF6385205D1299008E3061 /* ArticleTableViewCell.xib */,
				BCFF639A205E2753008E3061 /* ArticleViewController.swift */,
			);
			path = UI;
			sourceTree = "<group>";
		};
		BCFF638C205DFB6B008E3061 /* ViewModels */ = {
			isa = PBXGroup;
			children = (
				BCFF638D205DFB85008E3061 /* ArticleCollectionViewModel.swift */,
				BCFF639C205E27C9008E3061 /* ArticleViewModel.swift */,
			);
			path = ViewModels;
			sourceTree = "<group>";
		};
		BCFF638F205DFD15008E3061 /* Coordinators */ = {
			isa = PBXGroup;
			children = (
				BCFF6396205E0B63008E3061 /* ArticleCollectionCoordinator.swift */,
			);
			path = Coordinators;
			sourceTree = "<group>";
		};
		BCFF63A3205E39A5008E3061 /* FairFaxInterviewTests */ = {
			isa = PBXGroup;
			children = (
				BCFF63AC205E58E5008E3061 /* ArticleCollectionViewModelTest.swift */,
				BCFF63A4205E39A5008E3061 /* FairFaxInterviewTests.swift */,
				BCFF63A6205E39A5008E3061 /* Info.plist */,
			);
			path = FairFaxInterviewTests;
			sourceTree = "<group>";
		};
/* End PBXGroup section */

/* Begin PBXNativeTarget section */
		BCD557DE205A7588008395D4 /* FairFaxInterview */ = {
			isa = PBXNativeTarget;
			buildConfigurationList = BCD557F1205A7588008395D4 /* Build configuration list for PBXNativeTarget "FairFaxInterview" */;
			buildPhases = (
				7BAF932E9462E144FFDC5C20 /* [CP] Check Pods Manifest.lock */,
				BCD557DB205A7588008395D4 /* Sources */,
				BCD557DC205A7588008395D4 /* Frameworks */,
				BCD557DD205A7588008395D4 /* Resources */,
				34AF46A41236E3CFC4AE14B9 /* [CP] Embed Pods Frameworks */,
				BC51C5B5205A8B6200A97301 /* ShellScript */,
				4A13D7204736EC8252799378 /* [CP] Copy Pods Resources */,
			);
			buildRules = (
			);
			dependencies = (
			);
			name = FairFaxInterview;
			productName = FairFaxInterview;
			productReference = BCD557DF205A7588008395D4 /* FairFaxInterview.app */;
			productType = "com.apple.product-type.application";
		};
		BCFF63A1205E39A5008E3061 /* FairFaxInterviewTests */ = {
			isa = PBXNativeTarget;
			buildConfigurationList = BCFF63A9205E39A5008E3061 /* Build configuration list for PBXNativeTarget "FairFaxInterviewTests" */;
			buildPhases = (
				BCFF639E205E39A5008E3061 /* Sources */,
				BCFF639F205E39A5008E3061 /* Frameworks */,
				BCFF63A0205E39A5008E3061 /* Resources */,
			);
			buildRules = (
			);
			dependencies = (
				BCFF63A8205E39A5008E3061 /* PBXTargetDependency */,
			);
			name = FairFaxInterviewTests;
			productName = FairFaxInterviewTests;
			productReference = BCFF63A2205E39A5008E3061 /* FairFaxInterviewTests.xctest */;
			productType = "com.apple.product-type.bundle.unit-test";
		};
/* End PBXNativeTarget section */

/* Begin PBXProject section */
		BCD557D7205A7588008395D4 /* Project object */ = {
			isa = PBXProject;
			attributes = {
				LastSwiftUpdateCheck = 0920;
				LastUpgradeCheck = 0920;
				ORGANIZATIONNAME = "Anteng Lin";
				TargetAttributes = {
					BCD557DE205A7588008395D4 = {
						CreatedOnToolsVersion = 9.2;
						ProvisioningStyle = Automatic;
					};
					BCFF63A1205E39A5008E3061 = {
						CreatedOnToolsVersion = 9.2;
						ProvisioningStyle = Automatic;
						TestTargetID = BCD557DE205A7588008395D4;
					};
				};
			};
			buildConfigurationList = BCD557DA205A7588008395D4 /* Build configuration list for PBXProject "FairFaxInterview" */;
			compatibilityVersion = "Xcode 8.0";
			developmentRegion = en;
			hasScannedForEncodings = 0;
			knownRegions = (
				en,
				Base,
			);
			mainGroup = BCD557D6205A7588008395D4;
			productRefGroup = BCD557E0205A7588008395D4 /* Products */;
			projectDirPath = "";
			projectRoot = "";
			targets = (
				BCD557DE205A7588008395D4 /* FairFaxInterview */,
				BCFF63A1205E39A5008E3061 /* FairFaxInterviewTests */,
			);
		};
/* End PBXProject section */

/* Begin PBXResourcesBuildPhase section */
		BCD557DD205A7588008395D4 /* Resources */ = {
			isa = PBXResourcesBuildPhase;
			buildActionMask = 2147483647;
			files = (
				BCFF6387205D1299008E3061 /* ArticleTableViewCell.xib in Resources */,
				BCD557ED205A7588008395D4 /* LaunchScreen.storyboard in Resources */,
				BCD557EA205A7588008395D4 /* Assets.xcassets in Resources */,
				BCD557E8205A7588008395D4 /* Main.storyboard in Resources */,
			);
			runOnlyForDeploymentPostprocessing = 0;
		};
		BCFF63A0205E39A5008E3061 /* Resources */ = {
			isa = PBXResourcesBuildPhase;
			buildActionMask = 2147483647;
			files = (
			);
			runOnlyForDeploymentPostprocessing = 0;
		};
/* End PBXResourcesBuildPhase section */

/* Begin PBXShellScriptBuildPhase section */
		34AF46A41236E3CFC4AE14B9 /* [CP] Embed Pods Frameworks */ = {
			isa = PBXShellScriptBuildPhase;
			buildActionMask = 2147483647;
			files = (
			);
			inputPaths = (
				"${SRCROOT}/Pods/Target Support Files/Pods-FairFaxInterview/Pods-FairFaxInterview-frameworks.sh",
				"${BUILT_PRODUCTS_DIR}/Alamofire/Alamofire.framework",
				"${BUILT_PRODUCTS_DIR}/Kingfisher/Kingfisher.framework",
				"${BUILT_PRODUCTS_DIR}/SwiftyUserDefaults/SwiftyUserDefaults.framework",
			);
			name = "[CP] Embed Pods Frameworks";
			outputPaths = (
				"${TARGET_BUILD_DIR}/${FRAMEWORKS_FOLDER_PATH}/Alamofire.framework",
				"${TARGET_BUILD_DIR}/${FRAMEWORKS_FOLDER_PATH}/Kingfisher.framework",
				"${TARGET_BUILD_DIR}/${FRAMEWORKS_FOLDER_PATH}/SwiftyUserDefaults.framework",
			);
			runOnlyForDeploymentPostprocessing = 0;
			shellPath = /bin/sh;
			shellScript = "\"${SRCROOT}/Pods/Target Support Files/Pods-FairFaxInterview/Pods-FairFaxInterview-frameworks.sh\"\n";
			showEnvVarsInLog = 0;
		};
		4A13D7204736EC8252799378 /* [CP] Copy Pods Resources */ = {
			isa = PBXShellScriptBuildPhase;
			buildActionMask = 2147483647;
			files = (
			);
			inputPaths = (
			);
			name = "[CP] Copy Pods Resources";
			outputPaths = (
			);
			runOnlyForDeploymentPostprocessing = 0;
			shellPath = /bin/sh;
			shellScript = "\"${SRCROOT}/Pods/Target Support Files/Pods-FairFaxInterview/Pods-FairFaxInterview-resources.sh\"\n";
			showEnvVarsInLog = 0;
		};
		7BAF932E9462E144FFDC5C20 /* [CP] Check Pods Manifest.lock */ = {
			isa = PBXShellScriptBuildPhase;
			buildActionMask = 2147483647;
			files = (
			);
			inputPaths = (
				"${PODS_PODFILE_DIR_PATH}/Podfile.lock",
				"${PODS_ROOT}/Manifest.lock",
			);
			name = "[CP] Check Pods Manifest.lock";
			outputPaths = (
				"$(DERIVED_FILE_DIR)/Pods-FairFaxInterview-checkManifestLockResult.txt",
			);
			runOnlyForDeploymentPostprocessing = 0;
			shellPath = /bin/sh;
			shellScript = "diff \"${PODS_PODFILE_DIR_PATH}/Podfile.lock\" \"${PODS_ROOT}/Manifest.lock\" > /dev/null\nif [ $? != 0 ] ; then\n    # print error to STDERR\n    echo \"error: The sandbox is not in sync with the Podfile.lock. Run 'pod install' or update your CocoaPods installation.\" >&2\n    exit 1\nfi\n# This output is used by Xcode 'outputs' to avoid re-running this script phase.\necho \"SUCCESS\" > \"${SCRIPT_OUTPUT_FILE_0}\"\n";
			showEnvVarsInLog = 0;
		};
		BC51C5B5205A8B6200A97301 /* ShellScript */ = {
			isa = PBXShellScriptBuildPhase;
			buildActionMask = 2147483647;
			files = (
			);
			inputPaths = (
			);
			outputPaths = (
			);
			runOnlyForDeploymentPostprocessing = 0;
			shellPath = /bin/sh;
			shellScript = "\"${PODS_ROOT}/SwiftLint/swiftlint\"";
		};
/* End PBXShellScriptBuildPhase section */

/* Begin PBXSourcesBuildPhase section */
		BCD557DB205A7588008395D4 /* Sources */ = {
			isa = PBXSourcesBuildPhase;
			buildActionMask = 2147483647;
			files = (
				BCFF6397205E0B63008E3061 /* ArticleCollectionCoordinator.swift in Sources */,
				BCFF6399205E17A7008E3061 /* String+Utility.swift in Sources */,
				BCFF6391205DFDF1008E3061 /* Coordinatable.swift in Sources */,
				BC51C5C4205CC57900A97301 /* String+URL.swift in Sources */,
				BCFF6393205E0100008E3061 /* AppCoordinator.swift in Sources */,
				BCFF6386205D1299008E3061 /* ArticleTableViewCell.swift in Sources */,
				BC51C5C6205CC8B900A97301 /* Dictionary+URL.swift in Sources */,
				BCFF639D205E27C9008E3061 /* ArticleViewModel.swift in Sources */,
				BCD557E5205A7588008395D4 /* ArticleCollectionViewController.swift in Sources */,
				BC51C5E6205CDE9600A97301 /* Operations.swift in Sources */,
				BC51C5EB205CF21D00A97301 /* ArticleCollectionOperation.swift in Sources */,
				BCFF638E205DFB85008E3061 /* ArticleCollectionViewModel.swift in Sources */,
				BCFF638B205D166B008E3061 /* Reusable.swift in Sources */,
				BCD557E3205A7588008395D4 /* AppDelegate.swift in Sources */,
				BC51C5BC205BE99E00A97301 /* Service.swift in Sources */,
				BC51C5B8205A955600A97301 /* ServiceConfiguration.swift in Sources */,
				BC51C5EE205CF25500A97301 /* Article.swift in Sources */,
				BCFF639B205E2753008E3061 /* ArticleViewController.swift in Sources */,
				BCFF6395205E02C2008E3061 /* UIStoryboard+Extension.swift in Sources */,
				BC51C5BE205C9D8100A97301 /* Response.swift in Sources */,
				BC51C5BA205BDFA100A97301 /* Request.swift in Sources */,
				BC51C5C1205CBCF400A97301 /* NetworkingCommon.swift in Sources */,
			);
			runOnlyForDeploymentPostprocessing = 0;
		};
		BCFF639E205E39A5008E3061 /* Sources */ = {
			isa = PBXSourcesBuildPhase;
			buildActionMask = 2147483647;
			files = (
				BCFF63A5205E39A5008E3061 /* FairFaxInterviewTests.swift in Sources */,
				BCFF63AD205E58E5008E3061 /* ArticleCollectionViewModelTest.swift in Sources */,
			);
			runOnlyForDeploymentPostprocessing = 0;
		};
/* End PBXSourcesBuildPhase section */

/* Begin PBXTargetDependency section */
		BCFF63A8205E39A5008E3061 /* PBXTargetDependency */ = {
			isa = PBXTargetDependency;
			target = BCD557DE205A7588008395D4 /* FairFaxInterview */;
			targetProxy = BCFF63A7205E39A5008E3061 /* PBXContainerItemProxy */;
		};
/* End PBXTargetDependency section */

/* Begin PBXVariantGroup section */
		BCD557E6205A7588008395D4 /* Main.storyboard */ = {
			isa = PBXVariantGroup;
			children = (
				BCD557E7205A7588008395D4 /* Base */,
			);
			name = Main.storyboard;
			sourceTree = "<group>";
		};
		BCD557EB205A7588008395D4 /* LaunchScreen.storyboard */ = {
			isa = PBXVariantGroup;
			children = (
				BCD557EC205A7588008395D4 /* Base */,
			);
			name = LaunchScreen.storyboard;
			sourceTree = "<group>";
		};
/* End PBXVariantGroup section */

/* Begin XCBuildConfiguration section */
		BCD557EF205A7588008395D4 /* Debug */ = {
			isa = XCBuildConfiguration;
			baseConfigurationReference = BCD557F4205A840D008395D4 /* Debug.xcconfig */;
			buildSettings = {
				ALWAYS_SEARCH_USER_PATHS = NO;
				CLANG_ANALYZER_NONNULL = YES;
				CLANG_ANALYZER_NUMBER_OBJECT_CONVERSION = YES_AGGRESSIVE;
				CLANG_CXX_LANGUAGE_STANDARD = "gnu++14";
				CLANG_CXX_LIBRARY = "libc++";
				CLANG_ENABLE_MODULES = YES;
				CLANG_ENABLE_OBJC_ARC = YES;
				CLANG_WARN_BLOCK_CAPTURE_AUTORELEASING = YES;
				CLANG_WARN_BOOL_CONVERSION = YES;
				CLANG_WARN_COMMA = YES;
				CLANG_WARN_CONSTANT_CONVERSION = YES;
				CLANG_WARN_DIRECT_OBJC_ISA_USAGE = YES_ERROR;
				CLANG_WARN_DOCUMENTATION_COMMENTS = YES;
				CLANG_WARN_EMPTY_BODY = YES;
				CLANG_WARN_ENUM_CONVERSION = YES;
				CLANG_WARN_INFINITE_RECURSION = YES;
				CLANG_WARN_INT_CONVERSION = YES;
				CLANG_WARN_NON_LITERAL_NULL_CONVERSION = YES;
				CLANG_WARN_OBJC_LITERAL_CONVERSION = YES;
				CLANG_WARN_OBJC_ROOT_CLASS = YES_ERROR;
				CLANG_WARN_RANGE_LOOP_ANALYSIS = YES;
				CLANG_WARN_STRICT_PROTOTYPES = YES;
				CLANG_WARN_SUSPICIOUS_MOVE = YES;
				CLANG_WARN_UNGUARDED_AVAILABILITY = YES_AGGRESSIVE;
				CLANG_WARN_UNREACHABLE_CODE = YES;
				CLANG_WARN__DUPLICATE_METHOD_MATCH = YES;
				CODE_SIGN_IDENTITY = "iPhone Developer";
				COPY_PHASE_STRIP = NO;
				DEBUG_INFORMATION_FORMAT = dwarf;
				ENABLE_STRICT_OBJC_MSGSEND = YES;
				ENABLE_TESTABILITY = YES;
				GCC_C_LANGUAGE_STANDARD = gnu11;
				GCC_DYNAMIC_NO_PIC = NO;
				GCC_NO_COMMON_BLOCKS = YES;
				GCC_OPTIMIZATION_LEVEL = 0;
				GCC_PREPROCESSOR_DEFINITIONS = (
					"DEBUG=1",
					"$(inherited)",
				);
				GCC_WARN_64_TO_32_BIT_CONVERSION = YES;
				GCC_WARN_ABOUT_RETURN_TYPE = YES_ERROR;
				GCC_WARN_UNDECLARED_SELECTOR = YES;
				GCC_WARN_UNINITIALIZED_AUTOS = YES_AGGRESSIVE;
				GCC_WARN_UNUSED_FUNCTION = YES;
				GCC_WARN_UNUSED_VARIABLE = YES;
				IPHONEOS_DEPLOYMENT_TARGET = 11.2;
				MTL_ENABLE_DEBUG_INFO = YES;
				ONLY_ACTIVE_ARCH = YES;
				SDKROOT = iphoneos;
				SWIFT_ACTIVE_COMPILATION_CONDITIONS = DEBUG;
				SWIFT_OPTIMIZATION_LEVEL = "-Onone";
			};
			name = Debug;
		};
		BCD557F0205A7588008395D4 /* Release */ = {
			isa = XCBuildConfiguration;
			baseConfigurationReference = BCD557F4205A840D008395D4 /* Debug.xcconfig */;
			buildSettings = {
				ALWAYS_SEARCH_USER_PATHS = NO;
				CLANG_ANALYZER_NONNULL = YES;
				CLANG_ANALYZER_NUMBER_OBJECT_CONVERSION = YES_AGGRESSIVE;
				CLANG_CXX_LANGUAGE_STANDARD = "gnu++14";
				CLANG_CXX_LIBRARY = "libc++";
				CLANG_ENABLE_MODULES = YES;
				CLANG_ENABLE_OBJC_ARC = YES;
				CLANG_WARN_BLOCK_CAPTURE_AUTORELEASING = YES;
				CLANG_WARN_BOOL_CONVERSION = YES;
				CLANG_WARN_COMMA = YES;
				CLANG_WARN_CONSTANT_CONVERSION = YES;
				CLANG_WARN_DIRECT_OBJC_ISA_USAGE = YES_ERROR;
				CLANG_WARN_DOCUMENTATION_COMMENTS = YES;
				CLANG_WARN_EMPTY_BODY = YES;
				CLANG_WARN_ENUM_CONVERSION = YES;
				CLANG_WARN_INFINITE_RECURSION = YES;
				CLANG_WARN_INT_CONVERSION = YES;
				CLANG_WARN_NON_LITERAL_NULL_CONVERSION = YES;
				CLANG_WARN_OBJC_LITERAL_CONVERSION = YES;
				CLANG_WARN_OBJC_ROOT_CLASS = YES_ERROR;
				CLANG_WARN_RANGE_LOOP_ANALYSIS = YES;
				CLANG_WARN_STRICT_PROTOTYPES = YES;
				CLANG_WARN_SUSPICIOUS_MOVE = YES;
				CLANG_WARN_UNGUARDED_AVAILABILITY = YES_AGGRESSIVE;
				CLANG_WARN_UNREACHABLE_CODE = YES;
				CLANG_WARN__DUPLICATE_METHOD_MATCH = YES;
				CODE_SIGN_IDENTITY = "iPhone Developer";
				COPY_PHASE_STRIP = NO;
				DEBUG_INFORMATION_FORMAT = "dwarf-with-dsym";
				ENABLE_NS_ASSERTIONS = NO;
				ENABLE_STRICT_OBJC_MSGSEND = YES;
				GCC_C_LANGUAGE_STANDARD = gnu11;
				GCC_NO_COMMON_BLOCKS = YES;
				GCC_WARN_64_TO_32_BIT_CONVERSION = YES;
				GCC_WARN_ABOUT_RETURN_TYPE = YES_ERROR;
				GCC_WARN_UNDECLARED_SELECTOR = YES;
				GCC_WARN_UNINITIALIZED_AUTOS = YES_AGGRESSIVE;
				GCC_WARN_UNUSED_FUNCTION = YES;
				GCC_WARN_UNUSED_VARIABLE = YES;
				IPHONEOS_DEPLOYMENT_TARGET = 11.2;
				MTL_ENABLE_DEBUG_INFO = NO;
				SDKROOT = iphoneos;
				SWIFT_OPTIMIZATION_LEVEL = "-Owholemodule";
				VALIDATE_PRODUCT = YES;
			};
			name = Release;
		};
		BCD557F2205A7588008395D4 /* Debug */ = {
			isa = XCBuildConfiguration;
			baseConfigurationReference = A12CC1B9E9582C999AF8CB79 /* Pods-FairFaxInterview.debug.xcconfig */;
			buildSettings = {
				ASSETCATALOG_COMPILER_APPICON_NAME = AppIcon;
				"CODE_SIGN_IDENTITY[sdk=iphoneos*]" = "iPhone Developer";
				CODE_SIGN_STYLE = Automatic;
				DEVELOPMENT_TEAM = CDFABBUJB6;
				INFOPLIST_FILE = FairFaxInterview/Info.plist;
				LD_RUNPATH_SEARCH_PATHS = "$(inherited) @executable_path/Frameworks";
				PRODUCT_BUNDLE_IDENTIFIER = AntengLin.FairFaxInterview;
				PRODUCT_NAME = "$(TARGET_NAME)";
				PROVISIONING_PROFILE_SPECIFIER = "";
				SWIFT_VERSION = 4.0;
				TARGETED_DEVICE_FAMILY = "1,2";
			};
			name = Debug;
		};
		BCD557F3205A7588008395D4 /* Release */ = {
			isa = XCBuildConfiguration;
			baseConfigurationReference = 69E8B06681998C4C858E1B5E /* Pods-FairFaxInterview.release.xcconfig */;
			buildSettings = {
				ASSETCATALOG_COMPILER_APPICON_NAME = AppIcon;
				"CODE_SIGN_IDENTITY[sdk=iphoneos*]" = "iPhone Developer";
				CODE_SIGN_STYLE = Automatic;
				DEVELOPMENT_TEAM = CDFABBUJB6;
				INFOPLIST_FILE = FairFaxInterview/Info.plist;
				LD_RUNPATH_SEARCH_PATHS = "$(inherited) @executable_path/Frameworks";
				PRODUCT_BUNDLE_IDENTIFIER = AntengLin.FairFaxInterview;
				PRODUCT_NAME = "$(TARGET_NAME)";
				PROVISIONING_PROFILE_SPECIFIER = "";
				SWIFT_VERSION = 4.0;
				TARGETED_DEVICE_FAMILY = "1,2";
			};
			name = Release;
		};
		BCFF63AA205E39A5008E3061 /* Debug */ = {
			isa = XCBuildConfiguration;
			buildSettings = {
				BUNDLE_LOADER = "$(TEST_HOST)";
				CODE_SIGN_STYLE = Automatic;
				DEVELOPMENT_TEAM = CDFABBUJB6;
				INFOPLIST_FILE = FairFaxInterviewTests/Info.plist;
				LD_RUNPATH_SEARCH_PATHS = "$(inherited) @executable_path/Frameworks @loader_path/Frameworks";
				PRODUCT_BUNDLE_IDENTIFIER = AntengLin.FairFaxInterviewTests;
				PRODUCT_NAME = "$(TARGET_NAME)";
				SWIFT_VERSION = 4.0;
				TARGETED_DEVICE_FAMILY = "1,2";
				TEST_HOST = "$(BUILT_PRODUCTS_DIR)/FairFaxInterview.app/FairFaxInterview";
			};
			name = Debug;
		};
		BCFF63AB205E39A5008E3061 /* Release */ = {
			isa = XCBuildConfiguration;
			buildSettings = {
				BUNDLE_LOADER = "$(TEST_HOST)";
				CODE_SIGN_STYLE = Automatic;
				DEVELOPMENT_TEAM = CDFABBUJB6;
				INFOPLIST_FILE = FairFaxInterviewTests/Info.plist;
				LD_RUNPATH_SEARCH_PATHS = "$(inherited) @executable_path/Frameworks @loader_path/Frameworks";
				PRODUCT_BUNDLE_IDENTIFIER = AntengLin.FairFaxInterviewTests;
				PRODUCT_NAME = "$(TARGET_NAME)";
				SWIFT_VERSION = 4.0;
				TARGETED_DEVICE_FAMILY = "1,2";
				TEST_HOST = "$(BUILT_PRODUCTS_DIR)/FairFaxInterview.app/FairFaxInterview";
			};
			name = Release;
		};
/* End XCBuildConfiguration section */

/* Begin XCConfigurationList section */
		BCD557DA205A7588008395D4 /* Build configuration list for PBXProject "FairFaxInterview" */ = {
			isa = XCConfigurationList;
			buildConfigurations = (
				BCD557EF205A7588008395D4 /* Debug */,
				BCD557F0205A7588008395D4 /* Release */,
			);
			defaultConfigurationIsVisible = 0;
			defaultConfigurationName = Release;
		};
		BCD557F1205A7588008395D4 /* Build configuration list for PBXNativeTarget "FairFaxInterview" */ = {
			isa = XCConfigurationList;
			buildConfigurations = (
				BCD557F2205A7588008395D4 /* Debug */,
				BCD557F3205A7588008395D4 /* Release */,
			);
			defaultConfigurationIsVisible = 0;
			defaultConfigurationName = Release;
		};
		BCFF63A9205E39A5008E3061 /* Build configuration list for PBXNativeTarget "FairFaxInterviewTests" */ = {
			isa = XCConfigurationList;
			buildConfigurations = (
				BCFF63AA205E39A5008E3061 /* Debug */,
				BCFF63AB205E39A5008E3061 /* Release */,
			);
			defaultConfigurationIsVisible = 0;
			defaultConfigurationName = Release;
		};
/* End XCConfigurationList section */
	};
	rootObject = BCD557D7205A7588008395D4 /* Project object */;
}
